// !$*UTF8*$!
{
	archiveVersion = 1;
	classes = {
	};
	objectVersion = 46;
	objects = {

/* Begin PBXBuildFile section */
		BFC9ADD41A08F42100280330 /* main.m in Sources */ = {isa = PBXBuildFile; fileRef = BFC9ADD31A08F42100280330 /* main.m */; };
		BFC9ADD71A08F42100280330 /* AppDelegate.m in Sources */ = {isa = PBXBuildFile; fileRef = BFC9ADD61A08F42100280330 /* AppDelegate.m */; };
		BFC9ADDA1A08F42100280330 /* ViewController.m in Sources */ = {isa = PBXBuildFile; fileRef = BFC9ADD91A08F42100280330 /* ViewController.m */; };
		BFC9ADDD1A08F42100280330 /* Main.storyboard in Resources */ = {isa = PBXBuildFile; fileRef = BFC9ADDB1A08F42100280330 /* Main.storyboard */; };
		BFC9ADDF1A08F42100280330 /* Images.xcassets in Resources */ = {isa = PBXBuildFile; fileRef = BFC9ADDE1A08F42100280330 /* Images.xcassets */; };
		BFC9ADE21A08F42100280330 /* LaunchScreen.xib in Resources */ = {isa = PBXBuildFile; fileRef = BFC9ADE01A08F42100280330 /* LaunchScreen.xib */; };
		BFC9ADEE1A08F42200280330 /* Drinking_BirthdayTests.m in Sources */ = {isa = PBXBuildFile; fileRef = BFC9ADED1A08F42200280330 /* Drinking_BirthdayTests.m */; };
/* End PBXBuildFile section */

/* Begin PBXContainerItemProxy section */
		BFC9ADE81A08F42200280330 /* PBXContainerItemProxy */ = {
			isa = PBXContainerItemProxy;
			containerPortal = BFC9ADC61A08F42100280330 /* Project object */;
			proxyType = 1;
			remoteGlobalIDString = BFC9ADCD1A08F42100280330;
			remoteInfo = "Drinking Birthday";
		};
/* End PBXContainerItemProxy section */

/* Begin PBXFileReference section */
		BFC9ADCE1A08F42100280330 /* Drinking Birthday.app */ = {isa = PBXFileReference; explicitFileType = wrapper.application; includeInIndex = 0; path = "Drinking Birthday.app"; sourceTree = BUILT_PRODUCTS_DIR; };
		BFC9ADD21A08F42100280330 /* Info.plist */ = {isa = PBXFileReference; lastKnownFileType = text.plist.xml; path = Info.plist; sourceTree = "<group>"; };
		BFC9ADD31A08F42100280330 /* main.m */ = {isa = PBXFileReference; lastKnownFileType = sourcecode.c.objc; path = main.m; sourceTree = "<group>"; };
		BFC9ADD51A08F42100280330 /* AppDelegate.h */ = {isa = PBXFileReference; lastKnownFileType = sourcecode.c.h; path = AppDelegate.h; sourceTree = "<group>"; };
		BFC9ADD61A08F42100280330 /* AppDelegate.m */ = {isa = PBXFileReference; lastKnownFileType = sourcecode.c.objc; path = AppDelegate.m; sourceTree = "<group>"; };
		BFC9ADD81A08F42100280330 /* ViewController.h */ = {isa = PBXFileReference; lastKnownFileType = sourcecode.c.h; path = ViewController.h; sourceTree = "<group>"; };
		BFC9ADD91A08F42100280330 /* ViewController.m */ = {isa = PBXFileReference; lastKnownFileType = sourcecode.c.objc; path = ViewController.m; sourceTree = "<group>"; };
		BFC9ADDC1A08F42100280330 /* Base */ = {isa = PBXFileReference; lastKnownFileType = file.storyboard; name = Base; path = Base.lproj/Main.storyboard; sourceTree = "<group>"; };
		BFC9ADDE1A08F42100280330 /* Images.xcassets */ = {isa = PBXFileReference; lastKnownFileType = folder.assetcatalog; path = Images.xcassets; sourceTree = "<group>"; };
		BFC9ADE11A08F42100280330 /* Base */ = {isa = PBXFileReference; lastKnownFileType = file.xib; name = Base; path = Base.lproj/LaunchScreen.xib; sourceTree = "<group>"; };
		BFC9ADE71A08F42200280330 /* Drinking BirthdayTests.xctest */ = {isa = PBXFileReference; explicitFileType = wrapper.cfbundle; includeInIndex = 0; path = "Drinking BirthdayTests.xctest"; sourceTree = BUILT_PRODUCTS_DIR; };
		BFC9ADEC1A08F42200280330 /* Info.plist */ = {isa = PBXFileReference; lastKnownFileType = text.plist.xml; path = Info.plist; sourceTree = "<group>"; };
		BFC9ADED1A08F42200280330 /* Drinking_BirthdayTests.m */ = {isa = PBXFileReference; lastKnownFileType = sourcecode.c.objc; path = Drinking_BirthdayTests.m; sourceTree = "<group>"; };
/* End PBXFileReference section */

/* Begin PBXFrameworksBuildPhase section */
		BFC9ADCB1A08F42100280330 /* Frameworks */ = {
			isa = PBXFrameworksBuildPhase;
			buildActionMask = 2147483647;
			files = (
			);
			runOnlyForDeploymentPostprocessing = 0;
		};
		BFC9ADE41A08F42200280330 /* Frameworks */ = {
			isa = PBXFrameworksBuildPhase;
			buildActionMask = 2147483647;
			files = (
			);
			runOnlyForDeploymentPostprocessing = 0;
		};
/* End PBXFrameworksBuildPhase section */

/* Begin PBXGroup section */
		BFC9ADC51A08F42100280330 = {
			isa = PBXGroup;
			children = (
				BFC9ADD01A08F42100280330 /* Drinking Birthday */,
				BFC9ADEA1A08F42200280330 /* Drinking BirthdayTests */,
				BFC9ADCF1A08F42100280330 /* Products */,
			);
			sourceTree = "<group>";
		};
		BFC9ADCF1A08F42100280330 /* Products */ = {
			isa = PBXGroup;
			children = (
				BFC9ADCE1A08F42100280330 /* Drinking Birthday.app */,
				BFC9ADE71A08F42200280330 /* Drinking BirthdayTests.xctest */,
			);
			name = Products;
			sourceTree = "<group>";
		};
		BFC9ADD01A08F42100280330 /* Drinking Birthday */ = {
			isa = PBXGroup;
			children = (
				BFC9ADD51A08F42100280330 /* AppDelegate.h */,
				BFC9ADD61A08F42100280330 /* AppDelegate.m */,
				BFC9ADD81A08F42100280330 /* ViewController.h */,
				BFC9ADD91A08F42100280330 /* ViewController.m */,
				BFC9ADDB1A08F42100280330 /* Main.storyboard */,
				BFC9ADDE1A08F42100280330 /* Images.xcassets */,
				BFC9ADE01A08F42100280330 /* LaunchScreen.xib */,
				BFC9ADD11A08F42100280330 /* Supporting Files */,
			);
			path = "Drinking Birthday";
			sourceTree = "<group>";
		};
		BFC9ADD11A08F42100280330 /* Supporting Files */ = {
			isa = PBXGroup;
			children = (
				BFC9ADD21A08F42100280330 /* Info.plist */,
				BFC9ADD31A08F42100280330 /* main.m */,
			);
			name = "Supporting Files";
			sourceTree = "<group>";
		};
		BFC9ADEA1A08F42200280330 /* Drinking BirthdayTests */ = {
			isa = PBXGroup;
			children = (
				BFC9ADED1A08F42200280330 /* Drinking_BirthdayTests.m */,
				BFC9ADEB1A08F42200280330 /* Supporting Files */,
			);
			path = "Drinking BirthdayTests";
			sourceTree = "<group>";
		};
		BFC9ADEB1A08F42200280330 /* Supporting Files */ = {
			isa = PBXGroup;
			children = (
				BFC9ADEC1A08F42200280330 /* Info.plist */,
			);
			name = "Supporting Files";
			sourceTree = "<group>";
		};
/* End PBXGroup section */

/* Begin PBXNativeTarget section */
		BFC9ADCD1A08F42100280330 /* Drinking Birthday */ = {
			isa = PBXNativeTarget;
			buildConfigurationList = BFC9ADF11A08F42200280330 /* Build configuration list for PBXNativeTarget "Drinking Birthday" */;
			buildPhases = (
				BFC9ADCA1A08F42100280330 /* Sources */,
				BFC9ADCB1A08F42100280330 /* Frameworks */,
				BFC9ADCC1A08F42100280330 /* Resources */,
			);
			buildRules = (
			);
			dependencies = (
			);
			name = "Drinking Birthday";
			productName = "Drinking Birthday";
			productReference = BFC9ADCE1A08F42100280330 /* Drinking Birthday.app */;
			productType = "com.apple.product-type.application";
		};
		BFC9ADE61A08F42200280330 /* Drinking BirthdayTests */ = {
			isa = PBXNativeTarget;
			buildConfigurationList = BFC9ADF41A08F42200280330 /* Build configuration list for PBXNativeTarget "Drinking BirthdayTests" */;
			buildPhases = (
				BFC9ADE31A08F42200280330 /* Sources */,
				BFC9ADE41A08F42200280330 /* Frameworks */,
				BFC9ADE51A08F42200280330 /* Resources */,
			);
			buildRules = (
			);
			dependencies = (
				BFC9ADE91A08F42200280330 /* PBXTargetDependency */,
			);
			name = "Drinking BirthdayTests";
			productName = "Drinking BirthdayTests";
			productReference = BFC9ADE71A08F42200280330 /* Drinking BirthdayTests.xctest */;
			productType = "com.apple.product-type.bundle.unit-test";
		};
/* End PBXNativeTarget section */

/* Begin PBXProject section */
		BFC9ADC61A08F42100280330 /* Project object */ = {
			isa = PBXProject;
			attributes = {
				LastUpgradeCheck = 0610;
				ORGANIZATIONNAME = "John Giazlas";
				TargetAttributes = {
					BFC9ADCD1A08F42100280330 = {
						CreatedOnToolsVersion = 6.1;
					};
					BFC9ADE61A08F42200280330 = {
						CreatedOnToolsVersion = 6.1;
						TestTargetID = BFC9ADCD1A08F42100280330;
					};
				};
			};
			buildConfigurationList = BFC9ADC91A08F42100280330 /* Build configuration list for PBXProject "Drinking Birthday" */;
			compatibilityVersion = "Xcode 3.2";
			developmentRegion = English;
			hasScannedForEncodings = 0;
			knownRegions = (
				en,
				Base,
			);
			mainGroup = BFC9ADC51A08F42100280330;
			productRefGroup = BFC9ADCF1A08F42100280330 /* Products */;
			projectDirPath = "";
			projectRoot = "";
			targets = (
				BFC9ADCD1A08F42100280330 /* Drinking Birthday */,
				BFC9ADE61A08F42200280330 /* Drinking BirthdayTests */,
			);
		};
/* End PBXProject section */

/* Begin PBXResourcesBuildPhase section */
		BFC9ADCC1A08F42100280330 /* Resources */ = {
			isa = PBXResourcesBuildPhase;
			buildActionMask = 2147483647;
			files = (
				BFC9ADDD1A08F42100280330 /* Main.storyboard in Resources */,
				BFC9ADE21A08F42100280330 /* LaunchScreen.xib in Resources */,
				BFC9ADDF1A08F42100280330 /* Images.xcassets in Resources */,
			);
			runOnlyForDeploymentPostprocessing = 0;
		};
		BFC9ADE51A08F42200280330 /* Resources */ = {
			isa = PBXResourcesBuildPhase;
			buildActionMask = 2147483647;
			files = (
			);
			runOnlyForDeploymentPostprocessing = 0;
		};
/* End PBXResourcesBuildPhase section */

/* Begin PBXSourcesBuildPhase section */
		BFC9ADCA1A08F42100280330 /* Sources */ = {
			isa = PBXSourcesBuildPhase;
			buildActionMask = 2147483647;
			files = (
				BFC9ADDA1A08F42100280330 /* ViewController.m in Sources */,
				BFC9ADD71A08F42100280330 /* AppDelegate.m in Sources */,
				BFC9ADD41A08F42100280330 /* main.m in Sources */,
			);
			runOnlyForDeploymentPostprocessing = 0;
		};
		BFC9ADE31A08F42200280330 /* Sources */ = {
			isa = PBXSourcesBuildPhase;
			buildActionMask = 2147483647;
			files = (
				BFC9ADEE1A08F42200280330 /* Drinking_BirthdayTests.m in Sources */,
			);
			runOnlyForDeploymentPostprocessing = 0;
		};
/* End PBXSourcesBuildPhase section */

/* Begin PBXTargetDependency section */
		BFC9ADE91A08F42200280330 /* PBXTargetDependency */ = {
			isa = PBXTargetDependency;
			target = BFC9ADCD1A08F42100280330 /* Drinking Birthday */;
			targetProxy = BFC9ADE81A08F42200280330 /* PBXContainerItemProxy */;
		};
/* End PBXTargetDependency section */

/* Begin PBXVariantGroup section */
		BFC9ADDB1A08F42100280330 /* Main.storyboard */ = {
			isa = PBXVariantGroup;
			children = (
				BFC9ADDC1A08F42100280330 /* Base */,
			);
			name = Main.storyboard;
			sourceTree = "<group>";
		};
		BFC9ADE01A08F42100280330 /* LaunchScreen.xib */ = {
			isa = PBXVariantGroup;
			children = (
				BFC9ADE11A08F42100280330 /* Base */,
			);
			name = LaunchScreen.xib;
			sourceTree = "<group>";
		};
/* End PBXVariantGroup section */

/* Begin XCBuildConfiguration section */
		BFC9ADEF1A08F42200280330 /* Debug */ = {
			isa = XCBuildConfiguration;
			buildSettings = {
				ALWAYS_SEARCH_USER_PATHS = NO;
				CLANG_CXX_LANGUAGE_STANDARD = "gnu++0x";
				CLANG_CXX_LIBRARY = "libc++";
				CLANG_ENABLE_MODULES = YES;
				CLANG_ENABLE_OBJC_ARC = YES;
				CLANG_WARN_BOOL_CONVERSION = YES;
				CLANG_WARN_CONSTANT_CONVERSION = YES;
				CLANG_WARN_DIRECT_OBJC_ISA_USAGE = YES_ERROR;
				CLANG_WARN_EMPTY_BODY = YES;
				CLANG_WARN_ENUM_CONVERSION = YES;
				CLANG_WARN_INT_CONVERSION = YES;
				CLANG_WARN_OBJC_ROOT_CLASS = YES_ERROR;
				CLANG_WARN_UNREACHABLE_CODE = YES;
				CLANG_WARN__DUPLICATE_METHOD_MATCH = YES;
				"CODE_SIGN_IDENTITY[sdk=iphoneos*]" = "iPhone Developer";
				COPY_PHASE_STRIP = NO;
				ENABLE_STRICT_OBJC_MSGSEND = YES;
				GCC_C_LANGUAGE_STANDARD = gnu99;
				GCC_DYNAMIC_NO_PIC = NO;
				GCC_OPTIMIZATION_LEVEL = 0;
				GCC_PREPROCESSOR_DEFINITIONS = (
					"DEBUG=1",
					"$(inherited)",
				);
				GCC_SYMBOLS_PRIVATE_EXTERN = NO;
				GCC_WARN_64_TO_32_BIT_CONVERSION = YES;
				GCC_WARN_ABOUT_RETURN_TYPE = YES_ERROR;
				GCC_WARN_UNDECLARED_SELECTOR = YES;
				GCC_WARN_UNINITIALIZED_AUTOS = YES_AGGRESSIVE;
				GCC_WARN_UNUSED_FUNCTION = YES;
				GCC_WARN_UNUSED_VARIABLE = YES;
				IPHONEOS_DEPLOYMENT_TARGET = 8.1;
				MTL_ENABLE_DEBUG_INFO = YES;
				ONLY_ACTIVE_ARCH = YES;
				SDKROOT = iphoneos;
			};
			name = Debug;
		};
		BFC9ADF01A08F42200280330 /* Release */ = {
			isa = XCBuildConfiguration;
			buildSettings = {
				ALWAYS_SEARCH_USER_PATHS = NO;
				CLANG_CXX_LANGUAGE_STANDARD = "gnu++0x";
				CLANG_CXX_LIBRARY = "libc++";
				CLANG_ENABLE_MODULES = YES;
				CLANG_ENABLE_OBJC_ARC = YES;
				CLANG_WARN_BOOL_CONVERSION = YES;
				CLANG_WARN_CONSTANT_CONVERSION = YES;
				CLANG_WARN_DIRECT_OBJC_ISA_USAGE = YES_ERROR;
				CLANG_WARN_EMPTY_BODY = YES;
				CLANG_WARN_ENUM_CONVERSION = YES;
				CLANG_WARN_INT_CONVERSION = YES;
				CLANG_WARN_OBJC_ROOT_CLASS = YES_ERROR;
				CLANG_WARN_UNREACHABLE_CODE = YES;
				CLANG_WARN__DUPLICATE_METHOD_MATCH = YES;
				"CODE_SIGN_IDENTITY[sdk=iphoneos*]" = "iPhone Developer";
				COPY_PHASE_STRIP = YES;
				ENABLE_NS_ASSERTIONS = NO;
				ENABLE_STRICT_OBJC_MSGSEND = YES;
				GCC_C_LANGUAGE_STANDARD = gnu99;
				GCC_WARN_64_TO_32_BIT_CONVERSION = YES;
				GCC_WARN_ABOUT_RETURN_TYPE = YES_ERROR;
				GCC_WARN_UNDECLARED_SELECTOR = YES;
				GCC_WARN_UNINITIALIZED_AUTOS = YES_AGGRESSIVE;
				GCC_WARN_UNUSED_FUNCTION = YES;
				GCC_WARN_UNUSED_VARIABLE = YES;
				IPHONEOS_DEPLOYMENT_TARGET = 8.1;
				MTL_ENABLE_DEBUG_INFO = NO;
				SDKROOT = iphoneos;
				VALIDATE_PRODUCT = YES;
			};
			name = Release;
		};
		BFC9ADF21A08F42200280330 /* Debug */ = {
			isa = XCBuildConfiguration;
			buildSettings = {
				ASSETCATALOG_COMPILER_APPICON_NAME = AppIcon;
				INFOPLIST_FILE = "Drinking Birthday/Info.plist";
				LD_RUNPATH_SEARCH_PATHS = "$(inherited) @executable_path/Frameworks";
				PRODUCT_NAME = "$(TARGET_NAME)";
			};
			name = Debug;
		};
		BFC9ADF31A08F42200280330 /* Release */ = {
			isa = XCBuildConfiguration;
			buildSettings = {
				ASSETCATALOG_COMPILER_APPICON_NAME = AppIcon;
				INFOPLIST_FILE = "Drinking Birthday/Info.plist";
				LD_RUNPATH_SEARCH_PATHS = "$(inherited) @executable_path/Frameworks";
				PRODUCT_NAME = "$(TARGET_NAME)";
			};
			name = Release;
		};
		BFC9ADF51A08F42200280330 /* Debug */ = {
			isa = XCBuildConfiguration;
			buildSettings = {
				BUNDLE_LOADER = "$(TEST_HOST)";
				FRAMEWORK_SEARCH_PATHS = (
					"$(SDKROOT)/Developer/Library/Frameworks",
					"$(inherited)",
				);
				GCC_PREPROCESSOR_DEFINITIONS = (
					"DEBUG=1",
					"$(inherited)",
				);
				INFOPLIST_FILE = "Drinking BirthdayTests/Info.plist";
				LD_RUNPATH_SEARCH_PATHS = "$(inherited) @executable_path/Frameworks @loader_path/Frameworks";
				PRODUCT_NAME = "$(TARGET_NAME)";
				TEST_HOST = "$(BUILT_PRODUCTS_DIR)/Drinking Birthday.app/Drinking Birthday";
			};
			name = Debug;
		};
		BFC9ADF61A08F42200280330 /* Release */ = {
			isa = XCBuildConfiguration;
			buildSettings = {
				BUNDLE_LOADER = "$(TEST_HOST)";
				FRAMEWORK_SEARCH_PATHS = (
					"$(SDKROOT)/Developer/Library/Frameworks",
					"$(inherited)",
				);
				INFOPLIST_FILE = "Drinking BirthdayTests/Info.plist";
				LD_RUNPATH_SEARCH_PATHS = "$(inherited) @executable_path/Frameworks @loader_path/Frameworks";
				PRODUCT_NAME = "$(TARGET_NAME)";
				TEST_HOST = "$(BUILT_PRODUCTS_DIR)/Drinking Birthday.app/Drinking Birthday";
			};
			name = Release;
		};
/* End XCBuildConfiguration section */

/* Begin XCConfigurationList section */
		BFC9ADC91A08F42100280330 /* Build configuration list for PBXProject "Drinking Birthday" */ = {
			isa = XCConfigurationList;
			buildConfigurations = (
				BFC9ADEF1A08F42200280330 /* Debug */,
				BFC9ADF01A08F42200280330 /* Release */,
			);
			defaultConfigurationIsVisible = 0;
			defaultConfigurationName = Release;
		};
		BFC9ADF11A08F42200280330 /* Build configuration list for PBXNativeTarget "Drinking Birthday" */ = {
			isa = XCConfigurationList;
			buildConfigurations = (
				BFC9ADF21A08F42200280330 /* Debug */,
				BFC9ADF31A08F42200280330 /* Release */,
			);
			defaultConfigurationIsVisible = 0;
		};
		BFC9ADF41A08F42200280330 /* Build configuration list for PBXNativeTarget "Drinking BirthdayTests" */ = {
			isa = XCConfigurationList;
			buildConfigurations = (
				BFC9ADF51A08F42200280330 /* Debug */,
				BFC9ADF61A08F42200280330 /* Release */,
			);
			defaultConfigurationIsVisible = 0;
		};
/* End XCConfigurationList section */
	};
	rootObject = BFC9ADC61A08F42100280330 /* Project object */;
}
